
Microsoft Visual Studio Solution File, Format Version 12.00
# Visual Studio Version 17
VisualStudioVersion = 17.3.32929.385
MinimumVisualStudioVersion = 10.0.40219.1
Project("{9A19103F-16F7-4668-BE54-9A1E7A4F7556}") = "CachingExample", "CachingExample.csproj", "{07DA9080-3020-46DB-A94B-2F7280156532}"
EndProject
Project("{FAE04EC0-301F-11D3-BF4B-00C04F79EFBC}") = "InMemoryCache.Examples", "..\InMemoryCache.Examples\InMemoryCache.Examples.csproj", "{0ABC3927-326B-4DA0-B730-D05D8D4CFB91}"
EndProject
Project("{FAE04EC0-301F-11D3-BF4B-00C04F79EFBC}") = "CachingWebApi", "..\CachingWebApi\CachingWebApi.csproj", "{36EB2DF0-7953-4276-8508-AEB5C76EF8E4}"
EndProject
Global
	GlobalSection(SolutionConfigurationPlatforms) = preSolution
		Debug|Any CPU = Debug|Any CPU
		Release|Any CPU = Release|Any CPU
	EndGlobalSection
	GlobalSection(ProjectConfigurationPlatforms) = postSolution
		{07DA9080-3020-46DB-A94B-2F7280156532}.Debug|Any CPU.ActiveCfg = Debug|Any CPU
		{07DA9080-3020-46DB-A94B-2F7280156532}.Debug|Any CPU.Build.0 = Debug|Any CPU
		{07DA9080-3020-46DB-A94B-2F7280156532}.Release|Any CPU.ActiveCfg = Release|Any CPU
		{07DA9080-3020-46DB-A94B-2F7280156532}.Release|Any CPU.Build.0 = Release|Any CPU
		{0ABC3927-326B-4DA0-B730-D05D8D4CFB91}.Debug|Any CPU.ActiveCfg = Debug|Any CPU
		{0ABC3927-326B-4DA0-B730-D05D8D4CFB91}.Debug|Any CPU.Build.0 = Debug|Any CPU
		{0ABC3927-326B-4DA0-B730-D05D8D4CFB91}.Release|Any CPU.ActiveCfg = Release|Any CPU
		{0ABC3927-326B-4DA0-B730-D05D8D4CFB91}.Release|Any CPU.Build.0 = Release|Any CPU
		{36EB2DF0-7953-4276-8508-AEB5C76EF8E4}.Debug|Any CPU.ActiveCfg = Debug|Any CPU
		{36EB2DF0-7953-4276-8508-AEB5C76EF8E4}.Debug|Any CPU.Build.0 = Debug|Any CPU
		{36EB2DF0-7953-4276-8508-AEB5C76EF8E4}.Release|Any CPU.ActiveCfg = Release|Any CPU
		{36EB2DF0-7953-4276-8508-AEB5C76EF8E4}.Release|Any CPU.Build.0 = Release|Any CPU
	EndGlobalSection
	GlobalSection(SolutionProperties) = preSolution
		HideSolutionNode = FALSE
	EndGlobalSection
	GlobalSection(ExtensibilityGlobals) = postSolution
		SolutionGuid = {DE549A6A-9FE7-433B-BB1D-2B23AD5D7E31}
	EndGlobalSection
EndGlobal
