
Microsoft Visual Studio Solution File, Format Version 12.00
# Visual Studio Version 17
VisualStudioVersion = 17.4.33110.190
MinimumVisualStudioVersion = 10.0.40219.1
Project("{FAE04EC0-301F-11D3-BF4B-00C04F79EFBC}") = "HangfireDemo", "HangfireDemo.csproj", "{DB0BC837-CA97-47A3-A727-DF2CA1ABEF33}"
EndProject
Global
	GlobalSection(SolutionConfigurationPlatforms) = preSolution
		Debug|Any CPU = Debug|Any CPU
		Release|Any CPU = Release|Any CPU
	EndGlobalSection
	GlobalSection(ProjectConfigurationPlatforms) = postSolution
		{DB0BC837-CA97-47A3-A727-DF2CA1ABEF33}.Debug|Any CPU.ActiveCfg = Debug|Any CPU
		{DB0BC837-CA97-47A3-A727-DF2CA1ABEF33}.Debug|Any CPU.Build.0 = Debug|Any CPU
		{DB0BC837-CA97-47A3-A727-DF2CA1ABEF33}.Release|Any CPU.ActiveCfg = Release|Any CPU
		{DB0BC837-CA97-47A3-A727-DF2CA1ABEF33}.Release|Any CPU.Build.0 = Release|Any CPU
	EndGlobalSection
	GlobalSection(SolutionProperties) = preSolution
		HideSolutionNode = FALSE
	EndGlobalSection
	GlobalSection(ExtensibilityGlobals) = postSolution
		SolutionGuid = {A6EB4113-E777-460F-82B8-AAA8D2AD9F7E}
	EndGlobalSection
EndGlobal
