
Microsoft Visual Studio Solution File, Format Version 12.00
# Visual Studio Version 17
VisualStudioVersion = 17.2.32616.157
MinimumVisualStudioVersion = 10.0.40219.1
Project("{FAE04EC0-301F-11D3-BF4B-00C04F79EFBC}") = "IDisposable", "IDisposable.csproj", "{C04E3B98-54C3-4568-8F1C-447453B342CD}"
EndProject
Global
	GlobalSection(SolutionConfigurationPlatforms) = preSolution
		Debug|Any CPU = Debug|Any CPU
		Release|Any CPU = Release|Any CPU
	EndGlobalSection
	GlobalSection(ProjectConfigurationPlatforms) = postSolution
		{C04E3B98-54C3-4568-8F1C-447453B342CD}.Debug|Any CPU.ActiveCfg = Debug|Any CPU
		{C04E3B98-54C3-4568-8F1C-447453B342CD}.Debug|Any CPU.Build.0 = Debug|Any CPU
		{C04E3B98-54C3-4568-8F1C-447453B342CD}.Release|Any CPU.ActiveCfg = Release|Any CPU
		{C04E3B98-54C3-4568-8F1C-447453B342CD}.Release|Any CPU.Build.0 = Release|Any CPU
	EndGlobalSection
	GlobalSection(SolutionProperties) = preSolution
		HideSolutionNode = FALSE
	EndGlobalSection
	GlobalSection(ExtensibilityGlobals) = postSolution
		SolutionGuid = {EC8FB64D-615E-45C0-9EEB-A664A321652D}
	EndGlobalSection
EndGlobal
