
Microsoft Visual Studio Solution File, Format Version 12.00
# Visual Studio Version 17
VisualStudioVersion = 17.4.33110.190
MinimumVisualStudioVersion = 10.0.40219.1
Project("{FAE04EC0-301F-11D3-BF4B-00C04F79EFBC}") = "Catalog.API", "Catalog.API\Catalog.API.csproj", "{0BE7CB1C-B821-4F6D-9A54-500B24233F0E}"
EndProject
Project("{FAE04EC0-301F-11D3-BF4B-00C04F79EFBC}") = "Order.API", "Order.API\Order.API.csproj", "{B6B66739-C4B4-4921-8BE8-CC5FB828D5ED}"
EndProject
Project("{FAE04EC0-301F-11D3-BF4B-00C04F79EFBC}") = "Shared.Models", "Shared.Models\Shared.Models.csproj", "{C219326E-1C76-46B4-B0B1-AE5A439EB989}"
EndProject
Global
	GlobalSection(SolutionConfigurationPlatforms) = preSolution
		Debug|Any CPU = Debug|Any CPU
		Release|Any CPU = Release|Any CPU
	EndGlobalSection
	GlobalSection(ProjectConfigurationPlatforms) = postSolution
		{0BE7CB1C-B821-4F6D-9A54-500B24233F0E}.Debug|Any CPU.ActiveCfg = Debug|Any CPU
		{0BE7CB1C-B821-4F6D-9A54-500B24233F0E}.Debug|Any CPU.Build.0 = Debug|Any CPU
		{0BE7CB1C-B821-4F6D-9A54-500B24233F0E}.Release|Any CPU.ActiveCfg = Release|Any CPU
		{0BE7CB1C-B821-4F6D-9A54-500B24233F0E}.Release|Any CPU.Build.0 = Release|Any CPU
		{B6B66739-C4B4-4921-8BE8-CC5FB828D5ED}.Debug|Any CPU.ActiveCfg = Debug|Any CPU
		{B6B66739-C4B4-4921-8BE8-CC5FB828D5ED}.Debug|Any CPU.Build.0 = Debug|Any CPU
		{B6B66739-C4B4-4921-8BE8-CC5FB828D5ED}.Release|Any CPU.ActiveCfg = Release|Any CPU
		{B6B66739-C4B4-4921-8BE8-CC5FB828D5ED}.Release|Any CPU.Build.0 = Release|Any CPU
		{C219326E-1C76-46B4-B0B1-AE5A439EB989}.Debug|Any CPU.ActiveCfg = Debug|Any CPU
		{C219326E-1C76-46B4-B0B1-AE5A439EB989}.Debug|Any CPU.Build.0 = Debug|Any CPU
		{C219326E-1C76-46B4-B0B1-AE5A439EB989}.Release|Any CPU.ActiveCfg = Release|Any CPU
		{C219326E-1C76-46B4-B0B1-AE5A439EB989}.Release|Any CPU.Build.0 = Release|Any CPU
	EndGlobalSection
	GlobalSection(SolutionProperties) = preSolution
		HideSolutionNode = FALSE
	EndGlobalSection
	GlobalSection(ExtensibilityGlobals) = postSolution
		SolutionGuid = {115EBE66-97E2-4E86-B11B-3562390D3F2F}
	EndGlobalSection
EndGlobal
