
Microsoft Visual Studio Solution File, Format Version 12.00
# Visual Studio Version 17
VisualStudioVersion = 17.4.33110.190
MinimumVisualStudioVersion = 10.0.40219.1
Project("{FAE04EC0-301F-11D3-BF4B-00C04F79EFBC}") = "rabbitmq", "rabbitmq.csproj", "{C592E5B9-26F4-4F7A-86F3-53EAF6E92FDF}"
EndProject
Global
	GlobalSection(SolutionConfigurationPlatforms) = preSolution
		Debug|Any CPU = Debug|Any CPU
		Release|Any CPU = Release|Any CPU
	EndGlobalSection
	GlobalSection(ProjectConfigurationPlatforms) = postSolution
		{C592E5B9-26F4-4F7A-86F3-53EAF6E92FDF}.Debug|Any CPU.ActiveCfg = Debug|Any CPU
		{C592E5B9-26F4-4F7A-86F3-53EAF6E92FDF}.Debug|Any CPU.Build.0 = Debug|Any CPU
		{C592E5B9-26F4-4F7A-86F3-53EAF6E92FDF}.Release|Any CPU.ActiveCfg = Release|Any CPU
		{C592E5B9-26F4-4F7A-86F3-53EAF6E92FDF}.Release|Any CPU.Build.0 = Release|Any CPU
	EndGlobalSection
	GlobalSection(SolutionProperties) = preSolution
		HideSolutionNode = FALSE
	EndGlobalSection
	GlobalSection(ExtensibilityGlobals) = postSolution
		SolutionGuid = {3794F1A6-EC2C-432D-AD6B-62D2C7732FBC}
	EndGlobalSection
EndGlobal
