
Microsoft Visual Studio Solution File, Format Version 12.00
# Visual Studio Version 17
VisualStudioVersion = 17.3.32929.385
MinimumVisualStudioVersion = 10.0.40219.1
Project("{9A19103F-16F7-4668-BE54-9A1E7A4F7556}") = "PlatformService", "PlatformService\PlatformService.csproj", "{D5DCC593-D400-4C5E-8343-AB34D92A097C}"
EndProject
Project("{9A19103F-16F7-4668-BE54-9A1E7A4F7556}") = "CommandService", "CommandService\CommandService.csproj", "{353584F2-62AE-49C0-B22C-3EDED2BB96BC}"
EndProject
Global
	GlobalSection(SolutionConfigurationPlatforms) = preSolution
		Debug|Any CPU = Debug|Any CPU
		Release|Any CPU = Release|Any CPU
	EndGlobalSection
	GlobalSection(ProjectConfigurationPlatforms) = postSolution
		{D5DCC593-D400-4C5E-8343-AB34D92A097C}.Debug|Any CPU.ActiveCfg = Debug|Any CPU
		{D5DCC593-D400-4C5E-8343-AB34D92A097C}.Debug|Any CPU.Build.0 = Debug|Any CPU
		{D5DCC593-D400-4C5E-8343-AB34D92A097C}.Release|Any CPU.ActiveCfg = Release|Any CPU
		{D5DCC593-D400-4C5E-8343-AB34D92A097C}.Release|Any CPU.Build.0 = Release|Any CPU
		{353584F2-62AE-49C0-B22C-3EDED2BB96BC}.Debug|Any CPU.ActiveCfg = Debug|Any CPU
		{353584F2-62AE-49C0-B22C-3EDED2BB96BC}.Debug|Any CPU.Build.0 = Debug|Any CPU
		{353584F2-62AE-49C0-B22C-3EDED2BB96BC}.Release|Any CPU.ActiveCfg = Release|Any CPU
		{353584F2-62AE-49C0-B22C-3EDED2BB96BC}.Release|Any CPU.Build.0 = Release|Any CPU
	EndGlobalSection
	GlobalSection(SolutionProperties) = preSolution
		HideSolutionNode = FALSE
	EndGlobalSection
	GlobalSection(ExtensibilityGlobals) = postSolution
		SolutionGuid = {14959839-E84E-479E-B81C-48F352148DDA}
	EndGlobalSection
EndGlobal
